
Microsoft Visual Studio Solution File, Format Version 12.00
# Visual Studio Version 16
VisualStudioVersion = 16.0.32002.261
MinimumVisualStudioVersion = 10.0.40219.1
Project("{FAE04EC0-301F-11D3-BF4B-00C04F79EFBC}") = "DDSInjector", "DDSInjector.csproj", "{13CDFE62-92F9-40D8-A5F5-FC7DD587BC86}"
EndProject
Global
	GlobalSection(SolutionConfigurationPlatforms) = preSolution
		Debug|Any CPU = Debug|Any CPU
		Release|Any CPU = Release|Any CPU
	EndGlobalSection
	GlobalSection(ProjectConfigurationPlatforms) = postSolution
		{13CDFE62-92F9-40D8-A5F5-FC7DD587BC86}.Debug|Any CPU.ActiveCfg = Debug|Any CPU
		{13CDFE62-92F9-40D8-A5F5-FC7DD587BC86}.Debug|Any CPU.Build.0 = Debug|Any CPU
		{13CDFE62-92F9-40D8-A5F5-FC7DD587BC86}.Release|Any CPU.ActiveCfg = Release|Any CPU
		{13CDFE62-92F9-40D8-A5F5-FC7DD587BC86}.Release|Any CPU.Build.0 = Release|Any CPU
	EndGlobalSection
	GlobalSection(SolutionProperties) = preSolution
		HideSolutionNode = FALSE
	EndGlobalSection
	GlobalSection(ExtensibilityGlobals) = postSolution
		SolutionGuid = {7D068780-6BEA-42B0-B6F2-D0438424DEA2}
	EndGlobalSection
EndGlobal
